
Microsoft Visual Studio Solution File, Format Version 12.00
# Visual Studio 15
Project("{FAE04EC0-301F-11D3-BF4B-00C04F79EFBC}") = "ToolDev", "ToolDev.csproj", "{ECD16552-76C0-BC18-75B5-16B954E22607}"
EndProject
Global
	GlobalSection(SolutionConfigurationPlatforms) = preSolution
		Debug|Any CPU = Debug|Any CPU
		Release|Any CPU = Release|Any CPU
	EndGlobalSection
	GlobalSection(ProjectConfigurationPlatforms) = postSolution
		{ECD16552-76C0-BC18-75B5-16B954E22607}.Debug|Any CPU.ActiveCfg = Debug|Any CPU
		{ECD16552-76C0-BC18-75B5-16B954E22607}.Debug|Any CPU.Build.0 = Debug|Any CPU
		{ECD16552-76C0-BC18-75B5-16B954E22607}.Release|Any CPU.ActiveCfg = Release|Any CPU
		{ECD16552-76C0-BC18-75B5-16B954E22607}.Release|Any CPU.Build.0 = Release|Any CPU
	EndGlobalSection
	GlobalSection(SolutionProperties) = preSolution
		HideSolutionNode = FALSE
	EndGlobalSection
EndGlobal
